
Microsoft Visual Studio Solution File, Format Version 12.00
# Visual Studio Version 17
VisualStudioVersion = 17.9.34728.123
MinimumVisualStudioVersion = 10.0.40219.1
Project("{FAE04EC0-301F-11D3-BF4B-00C04F79EFBC}") = "MobileBackend", "MobileBackend\MobileBackend.csproj", "{2E7A96EF-FC08-4844-A80A-7FC405564AFB}"
EndProject
Global
	GlobalSection(SolutionConfigurationPlatforms) = preSolution
		Debug|Any CPU = Debug|Any CPU
		Release|Any CPU = Release|Any CPU
	EndGlobalSection
	GlobalSection(ProjectConfigurationPlatforms) = postSolution
		{2E7A96EF-FC08-4844-A80A-7FC405564AFB}.Debug|Any CPU.ActiveCfg = Debug|Any CPU
		{2E7A96EF-FC08-4844-A80A-7FC405564AFB}.Debug|Any CPU.Build.0 = Debug|Any CPU
		{2E7A96EF-FC08-4844-A80A-7FC405564AFB}.Release|Any CPU.ActiveCfg = Release|Any CPU
		{2E7A96EF-FC08-4844-A80A-7FC405564AFB}.Release|Any CPU.Build.0 = Release|Any CPU
	EndGlobalSection
	GlobalSection(SolutionProperties) = preSolution
		HideSolutionNode = FALSE
	EndGlobalSection
	GlobalSection(ExtensibilityGlobals) = postSolution
		SolutionGuid = {D1277298-F974-4AB3-91F8-A0D2E34E0911}
	EndGlobalSection
EndGlobal
